
Microsoft Visual Studio Solution File, Format Version 12.00
# Visual Studio Version 16
VisualStudioVersion = 16.0.31624.102
MinimumVisualStudioVersion = 10.0.40219.1
Project("{FAE04EC0-301F-11D3-BF4B-00C04F79EFBC}") = "WorkflowCoreDemo", "WorkflowCoreDemo\WorkflowCoreDemo.csproj", "{73C1C378-30FD-4F27-95AC-BEFA8D53E18A}"
EndProject
Global
	GlobalSection(SolutionConfigurationPlatforms) = preSolution
		Debug|Any CPU = Debug|Any CPU
		Release|Any CPU = Release|Any CPU
	EndGlobalSection
	GlobalSection(ProjectConfigurationPlatforms) = postSolution
		{73C1C378-30FD-4F27-95AC-BEFA8D53E18A}.Debug|Any CPU.ActiveCfg = Debug|Any CPU
		{73C1C378-30FD-4F27-95AC-BEFA8D53E18A}.Debug|Any CPU.Build.0 = Debug|Any CPU
		{73C1C378-30FD-4F27-95AC-BEFA8D53E18A}.Release|Any CPU.ActiveCfg = Release|Any CPU
		{73C1C378-30FD-4F27-95AC-BEFA8D53E18A}.Release|Any CPU.Build.0 = Release|Any CPU
	EndGlobalSection
	GlobalSection(SolutionProperties) = preSolution
		HideSolutionNode = FALSE
	EndGlobalSection
	GlobalSection(ExtensibilityGlobals) = postSolution
		SolutionGuid = {8A2DFEED-35C9-40A9-945B-644E73C01BE9}
	EndGlobalSection
EndGlobal
